
Microsoft Visual Studio Solution File, Format Version 12.00
# Visual Studio Version 17
VisualStudioVersion = 17.14.36127.28 d17.14
MinimumVisualStudioVersion = 10.0.40219.1
Project("{FAE04EC0-301F-11D3-BF4B-00C04F79EFBC}") = "PgTechnicalAssement", "PgTechnicalAssement\PgTechnicalAssement.csproj", "{9A446D96-F5A9-40CF-A934-0C7E0FCEBEFE}"
EndProject
Project("{FAE04EC0-301F-11D3-BF4B-00C04F79EFBC}") = "PgTechnicalAssementTests", "PgTechnicalAssementTests\PgTechnicalAssementTests.csproj", "{CA9357AA-ED78-47B7-94EC-7E278D9BFCC0}"
EndProject
Global
	GlobalSection(SolutionConfigurationPlatforms) = preSolution
		Debug|Any CPU = Debug|Any CPU
		Release|Any CPU = Release|Any CPU
	EndGlobalSection
	GlobalSection(ProjectConfigurationPlatforms) = postSolution
		{9A446D96-F5A9-40CF-A934-0C7E0FCEBEFE}.Debug|Any CPU.ActiveCfg = Debug|Any CPU
		{9A446D96-F5A9-40CF-A934-0C7E0FCEBEFE}.Debug|Any CPU.Build.0 = Debug|Any CPU
		{9A446D96-F5A9-40CF-A934-0C7E0FCEBEFE}.Release|Any CPU.ActiveCfg = Release|Any CPU
		{9A446D96-F5A9-40CF-A934-0C7E0FCEBEFE}.Release|Any CPU.Build.0 = Release|Any CPU
		{CA9357AA-ED78-47B7-94EC-7E278D9BFCC0}.Debug|Any CPU.ActiveCfg = Debug|Any CPU
		{CA9357AA-ED78-47B7-94EC-7E278D9BFCC0}.Debug|Any CPU.Build.0 = Debug|Any CPU
		{CA9357AA-ED78-47B7-94EC-7E278D9BFCC0}.Release|Any CPU.ActiveCfg = Release|Any CPU
		{CA9357AA-ED78-47B7-94EC-7E278D9BFCC0}.Release|Any CPU.Build.0 = Release|Any CPU
	EndGlobalSection
	GlobalSection(SolutionProperties) = preSolution
		HideSolutionNode = FALSE
	EndGlobalSection
	GlobalSection(ExtensibilityGlobals) = postSolution
		SolutionGuid = {FF7FB105-B3B6-44C5-AA83-09497A7093C1}
	EndGlobalSection
EndGlobal
